// !$*UTF8*$!
{
	archiveVersion = 1;
	classes = {
	};
	objectVersion = 50;
	objects = {

/* Begin PBXBuildFile section */
		BC3C198F265DE71D00999D02 /* AppDelegate.swift in Sources */ = {isa = PBXBuildFile; fileRef = BC3C198E265DE71D00999D02 /* AppDelegate.swift */; };
		BC3C1991265DE71D00999D02 /* SceneDelegate.swift in Sources */ = {isa = PBXBuildFile; fileRef = BC3C1990265DE71D00999D02 /* SceneDelegate.swift */; };
		BC3C1993265DE71D00999D02 /* ViewController.swift in Sources */ = {isa = PBXBuildFile; fileRef = BC3C1992265DE71D00999D02 /* ViewController.swift */; };
		BC3C1996265DE71D00999D02 /* Main.storyboard in Resources */ = {isa = PBXBuildFile; fileRef = BC3C1994265DE71D00999D02 /* Main.storyboard */; };
		BC3C1998265DE71E00999D02 /* Assets.xcassets in Resources */ = {isa = PBXBuildFile; fileRef = BC3C1997265DE71E00999D02 /* Assets.xcassets */; };
		BC3C199B265DE71E00999D02 /* LaunchScreen.storyboard in Resources */ = {isa = PBXBuildFile; fileRef = BC3C1999265DE71E00999D02 /* LaunchScreen.storyboard */; };
		BC3C19A5265DF2FF00999D02 /* CodeController.swift in Sources */ = {isa = PBXBuildFile; fileRef = BC3C19A4265DF2FF00999D02 /* CodeController.swift */; };
/* End PBXBuildFile section */

/* Begin PBXFileReference section */
		BC3C198B265DE71D00999D02 /* GeeksForGeeksPractice.app */ = {isa = PBXFileReference; explicitFileType = wrapper.application; includeInIndex = 0; path = GeeksForGeeksPractice.app; sourceTree = BUILT_PRODUCTS_DIR; };
		BC3C198E265DE71D00999D02 /* AppDelegate.swift */ = {isa = PBXFileReference; lastKnownFileType = sourcecode.swift; path = AppDelegate.swift; sourceTree = "<group>"; };
		BC3C1990265DE71D00999D02 /* SceneDelegate.swift */ = {isa = PBXFileReference; lastKnownFileType = sourcecode.swift; path = SceneDelegate.swift; sourceTree = "<group>"; };
		BC3C1992265DE71D00999D02 /* ViewController.swift */ = {isa = PBXFileReference; lastKnownFileType = sourcecode.swift; path = ViewController.swift; sourceTree = "<group>"; };
		BC3C1995265DE71D00999D02 /* Base */ = {isa = PBXFileReference; lastKnownFileType = file.storyboard; name = Base; path = Base.lproj/Main.storyboard; sourceTree = "<group>"; };
		BC3C1997265DE71E00999D02 /* Assets.xcassets */ = {isa = PBXFileReference; lastKnownFileType = folder.assetcatalog; path = Assets.xcassets; sourceTree = "<group>"; };
		BC3C199A265DE71E00999D02 /* Base */ = {isa = PBXFileReference; lastKnownFileType = file.storyboard; name = Base; path = Base.lproj/LaunchScreen.storyboard; sourceTree = "<group>"; };
		BC3C199C265DE71E00999D02 /* Info.plist */ = {isa = PBXFileReference; lastKnownFileType = text.plist.xml; path = Info.plist; sourceTree = "<group>"; };
		BC3C19A4265DF2FF00999D02 /* CodeController.swift */ = {isa = PBXFileReference; lastKnownFileType = sourcecode.swift; name = CodeController.swift; path = VISA/CodeController.swift; sourceTree = "<group>"; };
/* End PBXFileReference section */

/* Begin PBXFrameworksBuildPhase section */
		BC3C1988265DE71D00999D02 /* Frameworks */ = {
			isa = PBXFrameworksBuildPhase;
			buildActionMask = 2147483647;
			files = (
			);
			runOnlyForDeploymentPostprocessing = 0;
		};
/* End PBXFrameworksBuildPhase section */

/* Begin PBXGroup section */
		BC3C1982265DE71D00999D02 = {
			isa = PBXGroup;
			children = (
				BC3C198D265DE71D00999D02 /* GeeksForGeeksPractice */,
				BC3C198C265DE71D00999D02 /* Products */,
			);
			sourceTree = "<group>";
		};
		BC3C198C265DE71D00999D02 /* Products */ = {
			isa = PBXGroup;
			children = (
				BC3C198B265DE71D00999D02 /* GeeksForGeeksPractice.app */,
			);
			name = Products;
			sourceTree = "<group>";
		};
		BC3C198D265DE71D00999D02 /* GeeksForGeeksPractice */ = {
			isa = PBXGroup;
			children = (
				BC3C198E265DE71D00999D02 /* AppDelegate.swift */,
				BC3C1990265DE71D00999D02 /* SceneDelegate.swift */,
				BC3C1992265DE71D00999D02 /* ViewController.swift */,
				BC3C19A4265DF2FF00999D02 /* CodeController.swift */,
				BC3C1994265DE71D00999D02 /* Main.storyboard */,
				BC3C1997265DE71E00999D02 /* Assets.xcassets */,
				BC3C1999265DE71E00999D02 /* LaunchScreen.storyboard */,
				BC3C199C265DE71E00999D02 /* Info.plist */,
			);
			path = GeeksForGeeksPractice;
			sourceTree = "<group>";
		};
/* End PBXGroup section */

/* Begin PBXNativeTarget section */
		BC3C198A265DE71D00999D02 /* GeeksForGeeksPractice */ = {
			isa = PBXNativeTarget;
			buildConfigurationList = BC3C199F265DE71E00999D02 /* Build configuration list for PBXNativeTarget "GeeksForGeeksPractice" */;
			buildPhases = (
				BC3C1987265DE71D00999D02 /* Sources */,
				BC3C1988265DE71D00999D02 /* Frameworks */,
				BC3C1989265DE71D00999D02 /* Resources */,
			);
			buildRules = (
			);
			dependencies = (
			);
			name = GeeksForGeeksPractice;
			productName = GeeksForGeeksPractice;
			productReference = BC3C198B265DE71D00999D02 /* GeeksForGeeksPractice.app */;
			productType = "com.apple.product-type.application";
		};
/* End PBXNativeTarget section */

/* Begin PBXProject section */
		BC3C1983265DE71D00999D02 /* Project object */ = {
			isa = PBXProject;
			attributes = {
				LastSwiftUpdateCheck = 1200;
				LastUpgradeCheck = 1200;
				TargetAttributes = {
					BC3C198A265DE71D00999D02 = {
						CreatedOnToolsVersion = 12.0;
					};
				};
			};
			buildConfigurationList = BC3C1986265DE71D00999D02 /* Build configuration list for PBXProject "GeeksForGeeksPractice" */;
			compatibilityVersion = "Xcode 9.3";
			developmentRegion = en;
			hasScannedForEncodings = 0;
			knownRegions = (
				en,
				Base,
			);
			mainGroup = BC3C1982265DE71D00999D02;
			productRefGroup = BC3C198C265DE71D00999D02 /* Products */;
			projectDirPath = "";
			projectRoot = "";
			targets = (
				BC3C198A265DE71D00999D02 /* GeeksForGeeksPractice */,
			);
		};
/* End PBXProject section */

/* Begin PBXResourcesBuildPhase section */
		BC3C1989265DE71D00999D02 /* Resources */ = {
			isa = PBXResourcesBuildPhase;
			buildActionMask = 2147483647;
			files = (
				BC3C199B265DE71E00999D02 /* LaunchScreen.storyboard in Resources */,
				BC3C1998265DE71E00999D02 /* Assets.xcassets in Resources */,
				BC3C1996265DE71D00999D02 /* Main.storyboard in Resources */,
			);
			runOnlyForDeploymentPostprocessing = 0;
		};
/* End PBXResourcesBuildPhase section */

/* Begin PBXSourcesBuildPhase section */
		BC3C1987265DE71D00999D02 /* Sources */ = {
			isa = PBXSourcesBuildPhase;
			buildActionMask = 2147483647;
			files = (
				BC3C1993265DE71D00999D02 /* ViewController.swift in Sources */,
				BC3C19A5265DF2FF00999D02 /* CodeController.swift in Sources */,
				BC3C198F265DE71D00999D02 /* AppDelegate.swift in Sources */,
				BC3C1991265DE71D00999D02 /* SceneDelegate.swift in Sources */,
			);
			runOnlyForDeploymentPostprocessing = 0;
		};
/* End PBXSourcesBuildPhase section */

/* Begin PBXVariantGroup section */
		BC3C1994265DE71D00999D02 /* Main.storyboard */ = {
			isa = PBXVariantGroup;
			children = (
				BC3C1995265DE71D00999D02 /* Base */,
			);
			name = Main.storyboard;
			sourceTree = "<group>";
		};
		BC3C1999265DE71E00999D02 /* LaunchScreen.storyboard */ = {
			isa = PBXVariantGroup;
			children = (
				BC3C199A265DE71E00999D02 /* Base */,
			);
			name = LaunchScreen.storyboard;
			sourceTree = "<group>";
		};
/* End PBXVariantGroup section */

/* Begin XCBuildConfiguration section */
		BC3C199D265DE71E00999D02 /* Debug */ = {
			isa = XCBuildConfiguration;
			buildSettings = {
				ALWAYS_SEARCH_USER_PATHS = NO;
				CLANG_ANALYZER_NONNULL = YES;
				CLANG_ANALYZER_NUMBER_OBJECT_CONVERSION = YES_AGGRESSIVE;
				CLANG_CXX_LANGUAGE_STANDARD = "gnu++14";
				CLANG_CXX_LIBRARY = "libc++";
				CLANG_ENABLE_MODULES = YES;
				CLANG_ENABLE_OBJC_ARC = YES;
				CLANG_ENABLE_OBJC_WEAK = YES;
				CLANG_WARN_BLOCK_CAPTURE_AUTORELEASING = YES;
				CLANG_WARN_BOOL_CONVERSION = YES;
				CLANG_WARN_COMMA = YES;
				CLANG_WARN_CONSTANT_CONVERSION = YES;
				CLANG_WARN_DEPRECATED_OBJC_IMPLEMENTATIONS = YES;
				CLANG_WARN_DIRECT_OBJC_ISA_USAGE = YES_ERROR;
				CLANG_WARN_DOCUMENTATION_COMMENTS = YES;
				CLANG_WARN_EMPTY_BODY = YES;
				CLANG_WARN_ENUM_CONVERSION = YES;
				CLANG_WARN_INFINITE_RECURSION = YES;
				CLANG_WARN_INT_CONVERSION = YES;
				CLANG_WARN_NON_LITERAL_NULL_CONVERSION = YES;
				CLANG_WARN_OBJC_IMPLICIT_RETAIN_SELF = YES;
				CLANG_WARN_OBJC_LITERAL_CONVERSION = YES;
				CLANG_WARN_OBJC_ROOT_CLASS = YES_ERROR;
				CLANG_WARN_QUOTED_INCLUDE_IN_FRAMEWORK_HEADER = YES;
				CLANG_WARN_RANGE_LOOP_ANALYSIS = YES;
				CLANG_WARN_STRICT_PROTOTYPES = YES;
				CLANG_WARN_SUSPICIOUS_MOVE = YES;
				CLANG_WARN_UNGUARDED_AVAILABILITY = YES_AGGRESSIVE;
				CLANG_WARN_UNREACHABLE_CODE = YES;
				CLANG_WARN__DUPLICATE_METHOD_MATCH = YES;
				COPY_PHASE_STRIP = NO;
				DEBUG_INFORMATION_FORMAT = dwarf;
				ENABLE_STRICT_OBJC_MSGSEND = YES;
				ENABLE_TESTABILITY = YES;
				GCC_C_LANGUAGE_STANDARD = gnu11;
				GCC_DYNAMIC_NO_PIC = NO;
				GCC_NO_COMMON_BLOCKS = YES;
				GCC_OPTIMIZATION_LEVEL = 0;
				GCC_PREPROCESSOR_DEFINITIONS = (
					"DEBUG=1",
					"$(inherited)",
				);
				GCC_WARN_64_TO_32_BIT_CONVERSION = YES;
				GCC_WARN_ABOUT_RETURN_TYPE = YES_ERROR;
				GCC_WARN_UNDECLARED_SELECTOR = YES;
				GCC_WARN_UNINITIALIZED_AUTOS = YES_AGGRESSIVE;
				GCC_WARN_UNUSED_FUNCTION = YES;
				GCC_WARN_UNUSED_VARIABLE = YES;
				IPHONEOS_DEPLOYMENT_TARGET = 14.0;
				MTL_ENABLE_DEBUG_INFO = INCLUDE_SOURCE;
				MTL_FAST_MATH = YES;
				ONLY_ACTIVE_ARCH = YES;
				SDKROOT = iphoneos;
				SWIFT_ACTIVE_COMPILATION_CONDITIONS = DEBUG;
				SWIFT_OPTIMIZATION_LEVEL = "-Onone";
			};
			name = Debug;
		};
		BC3C199E265DE71E00999D02 /* Release */ = {
			isa = XCBuildConfiguration;
			buildSettings = {
				ALWAYS_SEARCH_USER_PATHS = NO;
				CLANG_ANALYZER_NONNULL = YES;
				CLANG_ANALYZER_NUMBER_OBJECT_CONVERSION = YES_AGGRESSIVE;
				CLANG_CXX_LANGUAGE_STANDARD = "gnu++14";
				CLANG_CXX_LIBRARY = "libc++";
				CLANG_ENABLE_MODULES = YES;
				CLANG_ENABLE_OBJC_ARC = YES;
				CLANG_ENABLE_OBJC_WEAK = YES;
				CLANG_WARN_BLOCK_CAPTURE_AUTORELEASING = YES;
				CLANG_WARN_BOOL_CONVERSION = YES;
				CLANG_WARN_COMMA = YES;
				CLANG_WARN_CONSTANT_CONVERSION = YES;
				CLANG_WARN_DEPRECATED_OBJC_IMPLEMENTATIONS = YES;
				CLANG_WARN_DIRECT_OBJC_ISA_USAGE = YES_ERROR;
				CLANG_WARN_DOCUMENTATION_COMMENTS = YES;
				CLANG_WARN_EMPTY_BODY = YES;
				CLANG_WARN_ENUM_CONVERSION = YES;
				CLANG_WARN_INFINITE_RECURSION = YES;
				CLANG_WARN_INT_CONVERSION = YES;
				CLANG_WARN_NON_LITERAL_NULL_CONVERSION = YES;
				CLANG_WARN_OBJC_IMPLICIT_RETAIN_SELF = YES;
				CLANG_WARN_OBJC_LITERAL_CONVERSION = YES;
				CLANG_WARN_OBJC_ROOT_CLASS = YES_ERROR;
				CLANG_WARN_QUOTED_INCLUDE_IN_FRAMEWORK_HEADER = YES;
				CLANG_WARN_RANGE_LOOP_ANALYSIS = YES;
				CLANG_WARN_STRICT_PROTOTYPES = YES;
				CLANG_WARN_SUSPICIOUS_MOVE = YES;
				CLANG_WARN_UNGUARDED_AVAILABILITY = YES_AGGRESSIVE;
				CLANG_WARN_UNREACHABLE_CODE = YES;
				CLANG_WARN__DUPLICATE_METHOD_MATCH = YES;
				COPY_PHASE_STRIP = NO;
				DEBUG_INFORMATION_FORMAT = "dwarf-with-dsym";
				ENABLE_NS_ASSERTIONS = NO;
				ENABLE_STRICT_OBJC_MSGSEND = YES;
				GCC_C_LANGUAGE_STANDARD = gnu11;
				GCC_NO_COMMON_BLOCKS = YES;
				GCC_WARN_64_TO_32_BIT_CONVERSION = YES;
				GCC_WARN_ABOUT_RETURN_TYPE = YES_ERROR;
				GCC_WARN_UNDECLARED_SELECTOR = YES;
				GCC_WARN_UNINITIALIZED_AUTOS = YES_AGGRESSIVE;
				GCC_WARN_UNUSED_FUNCTION = YES;
				GCC_WARN_UNUSED_VARIABLE = YES;
				IPHONEOS_DEPLOYMENT_TARGET = 14.0;
				MTL_ENABLE_DEBUG_INFO = NO;
				MTL_FAST_MATH = YES;
				SDKROOT = iphoneos;
				SWIFT_COMPILATION_MODE = wholemodule;
				SWIFT_OPTIMIZATION_LEVEL = "-O";
				VALIDATE_PRODUCT = YES;
			};
			name = Release;
		};
		BC3C19A0265DE71E00999D02 /* Debug */ = {
			isa = XCBuildConfiguration;
			buildSettings = {
				ASSETCATALOG_COMPILER_APPICON_NAME = AppIcon;
				ASSETCATALOG_COMPILER_GLOBAL_ACCENT_COLOR_NAME = AccentColor;
				CODE_SIGN_STYLE = Automatic;
				INFOPLIST_FILE = GeeksForGeeksPractice/Info.plist;
				LD_RUNPATH_SEARCH_PATHS = (
					"$(inherited)",
					"@executable_path/Frameworks",
				);
				PRODUCT_BUNDLE_IDENTIFIER = geeksforgeekstest.com.dipesh.GeeksForGeeksPractice;
				PRODUCT_NAME = "$(TARGET_NAME)";
				SWIFT_VERSION = 5.0;
				TARGETED_DEVICE_FAMILY = "1,2";
			};
			name = Debug;
		};
		BC3C19A1265DE71E00999D02 /* Release */ = {
			isa = XCBuildConfiguration;
			buildSettings = {
				ASSETCATALOG_COMPILER_APPICON_NAME = AppIcon;
				ASSETCATALOG_COMPILER_GLOBAL_ACCENT_COLOR_NAME = AccentColor;
				CODE_SIGN_STYLE = Automatic;
				INFOPLIST_FILE = GeeksForGeeksPractice/Info.plist;
				LD_RUNPATH_SEARCH_PATHS = (
					"$(inherited)",
					"@executable_path/Frameworks",
				);
				PRODUCT_BUNDLE_IDENTIFIER = geeksforgeekstest.com.dipesh.GeeksForGeeksPractice;
				PRODUCT_NAME = "$(TARGET_NAME)";
				SWIFT_VERSION = 5.0;
				TARGETED_DEVICE_FAMILY = "1,2";
			};
			name = Release;
		};
/* End XCBuildConfiguration section */

/* Begin XCConfigurationList section */
		BC3C1986265DE71D00999D02 /* Build configuration list for PBXProject "GeeksForGeeksPractice" */ = {
			isa = XCConfigurationList;
			buildConfigurations = (
				BC3C199D265DE71E00999D02 /* Debug */,
				BC3C199E265DE71E00999D02 /* Release */,
			);
			defaultConfigurationIsVisible = 0;
			defaultConfigurationName = Release;
		};
		BC3C199F265DE71E00999D02 /* Build configuration list for PBXNativeTarget "GeeksForGeeksPractice" */ = {
			isa = XCConfigurationList;
			buildConfigurations = (
				BC3C19A0265DE71E00999D02 /* Debug */,
				BC3C19A1265DE71E00999D02 /* Release */,
			);
			defaultConfigurationIsVisible = 0;
			defaultConfigurationName = Release;
		};
/* End XCConfigurationList section */
	};
	rootObject = BC3C1983265DE71D00999D02 /* Project object */;
}
